
Microsoft Visual Studio Solution File, Format Version 12.00
# Visual Studio Version 17
VisualStudioVersion = 17.14.36414.22 d17.14
MinimumVisualStudioVersion = 10.0.40219.1
Project("{FAE04EC0-301F-11D3-BF4B-00C04F79EFBC}") = "Steganography", "Steganography\Steganography.csproj", "{7DFC4372-FF61-4BEC-BADD-F3E8F2ABF1F1}"
EndProject
Project("{FAE04EC0-301F-11D3-BF4B-00C04F79EFBC}") = "SteganographyImplementation", "SteganographyImplementation\SteganographyImplementation.csproj", "{1D5B6D7C-B024-43C9-9725-FA006432B3FF}"
EndProject
Project("{FAE04EC0-301F-11D3-BF4B-00C04F79EFBC}") = "SteganographyInterfaces", "SteganographyInterfaces\SteganographyInterfaces.csproj", "{1E898478-F704-43A3-8E48-705516C6B2AB}"
EndProject
Global
	GlobalSection(SolutionConfigurationPlatforms) = preSolution
		Debug|Any CPU = Debug|Any CPU
		Release|Any CPU = Release|Any CPU
	EndGlobalSection
	GlobalSection(ProjectConfigurationPlatforms) = postSolution
		{7DFC4372-FF61-4BEC-BADD-F3E8F2ABF1F1}.Debug|Any CPU.ActiveCfg = Debug|Any CPU
		{7DFC4372-FF61-4BEC-BADD-F3E8F2ABF1F1}.Debug|Any CPU.Build.0 = Debug|Any CPU
		{7DFC4372-FF61-4BEC-BADD-F3E8F2ABF1F1}.Release|Any CPU.ActiveCfg = Release|Any CPU
		{7DFC4372-FF61-4BEC-BADD-F3E8F2ABF1F1}.Release|Any CPU.Build.0 = Release|Any CPU
		{1D5B6D7C-B024-43C9-9725-FA006432B3FF}.Debug|Any CPU.ActiveCfg = Debug|Any CPU
		{1D5B6D7C-B024-43C9-9725-FA006432B3FF}.Debug|Any CPU.Build.0 = Debug|Any CPU
		{1D5B6D7C-B024-43C9-9725-FA006432B3FF}.Release|Any CPU.ActiveCfg = Release|Any CPU
		{1D5B6D7C-B024-43C9-9725-FA006432B3FF}.Release|Any CPU.Build.0 = Release|Any CPU
		{1E898478-F704-43A3-8E48-705516C6B2AB}.Debug|Any CPU.ActiveCfg = Debug|Any CPU
		{1E898478-F704-43A3-8E48-705516C6B2AB}.Debug|Any CPU.Build.0 = Debug|Any CPU
		{1E898478-F704-43A3-8E48-705516C6B2AB}.Release|Any CPU.ActiveCfg = Release|Any CPU
		{1E898478-F704-43A3-8E48-705516C6B2AB}.Release|Any CPU.Build.0 = Release|Any CPU
	EndGlobalSection
	GlobalSection(SolutionProperties) = preSolution
		HideSolutionNode = FALSE
	EndGlobalSection
	GlobalSection(ExtensibilityGlobals) = postSolution
		SolutionGuid = {37BE4A7F-494E-40BB-A39C-266DBD9F8BD2}
	EndGlobalSection
EndGlobal
